{
    "_readme": [
        "This file locks the dependencies of your project to a known state",
        "Read more about it at https://getcomposer.org/doc/01-basic-usage.md#installing-dependencies",
        "This file is @generated automatically"
    ],
    "content-hash": "f5a89fbb10f071d95b08aab4f251b8d9",
    "packages": [
        {
            "name": "fedtax/php-taxcloud",
            "version": "dev-master",
            "source": {
                "type": "git",
                "url": "https://github.com/FedTax/php-taxcloud.git",
                "reference": "dev-master"
            },
            "type": "library"
        }
    ],
    "packages-dev": [
        {
            "name": "woocommerce/woocommerce",
            "version": "dev-trunk",
            "dist": {
                "type": "zip",
                "url": "https://github.com/woocommerce/woocommerce/archive/refs/tags/9.7.1.zip"
            },
            "type": "library"
        }
    ],
    "aliases": [],
    "minimum-stability": "stable",
    "stability-flags": {
        "fedtax/php-taxcloud": 20,
        "woocommerce/woocommerce": 20
    },
    "prefer-stable": false,
    "prefer-lowest": false,
    "platform": {},
    "platform-dev": {},
    "plugin-api-version": "2.6.0"
}
